
Microsoft Visual Studio Solution File, Format Version 12.00
# Visual Studio Version 17
VisualStudioVersion = 17.9.34902.65
MinimumVisualStudioVersion = 10.0.40219.1
Project("{FAE04EC0-301F-11D3-BF4B-00C04F79EFBC}") = "22052024_task", "22052024_task.csproj", "{296DDD4F-4506-49A6-ADE3-67621C5E83FB}"
EndProject
Global
	GlobalSection(SolutionConfigurationPlatforms) = preSolution
		Debug|Any CPU = Debug|Any CPU
		Release|Any CPU = Release|Any CPU
	EndGlobalSection
	GlobalSection(ProjectConfigurationPlatforms) = postSolution
		{296DDD4F-4506-49A6-ADE3-67621C5E83FB}.Debug|Any CPU.ActiveCfg = Debug|Any CPU
		{296DDD4F-4506-49A6-ADE3-67621C5E83FB}.Debug|Any CPU.Build.0 = Debug|Any CPU
		{296DDD4F-4506-49A6-ADE3-67621C5E83FB}.Release|Any CPU.ActiveCfg = Release|Any CPU
		{296DDD4F-4506-49A6-ADE3-67621C5E83FB}.Release|Any CPU.Build.0 = Release|Any CPU
	EndGlobalSection
	GlobalSection(SolutionProperties) = preSolution
		HideSolutionNode = FALSE
	EndGlobalSection
	GlobalSection(ExtensibilityGlobals) = postSolution
		SolutionGuid = {78502A59-04E2-4D60-9DD1-C6E6D7387CA2}
	EndGlobalSection
EndGlobal
